# THIS IS AN AUTOGENERATED FILE. DO NOT EDIT THIS FILE DIRECTLY.
# yarn lockfile v1


any-promise@^1.0.0:
  version "1.3.0"
  resolved "https://repo.dev.wixpress.com/artifactory/api/npm/npm-repos/any-promise/-/any-promise-1.3.0.tgz#abc6afeedcea52e809cdc0376aed3ce39635d17f"

balanced-match@^0.4.1:
  version "0.4.2"
  resolved "https://repo.dev.wixpress.com/artifactory/api/npm/npm-repos/balanced-match/-/balanced-match-0.4.2.tgz#cb3f3e3c732dc0f01ee70b403f302e61d7709838"

brace-expansion@^1.0.0:
  version "1.1.6"
  resolved "https://repo.dev.wixpress.com/artifactory/api/npm/npm-repos/brace-expansion/-/brace-expansion-1.1.6.tgz#7197d7eaa9b87e648390ea61fc66c84427420df9"
  dependencies:
    balanced-match "^0.4.1"
    concat-map "0.0.1"

concat-map@0.0.1:
  version "0.0.1"
  resolved "https://repo.dev.wixpress.com/artifactory/api/npm/npm-repos/concat-map/-/concat-map-0.0.1.tgz#d8a96bd77fd68df7793a73036a3ba0d5405d477b"

exit@^0.1.2:
  version "0.1.2"
  resolved "https://repo.dev.wixpress.com/artifactory/api/npm/npm-repos/exit/-/exit-0.1.2.tgz#0632638f8d877cc82107d30a0fff1a17cba1cd0c"

fs.realpath@^1.0.0:
  version "1.0.0"
  resolved "https://repo.dev.wixpress.com/artifactory/api/npm/npm-repos/fs.realpath/-/fs.realpath-1.0.0.tgz#1504ad2523158caa40db4a2787cb01411994ea4f"

glob@^7.0.6:
  version "7.1.1"
  resolved "https://repo.dev.wixpress.com/artifactory/api/npm/npm-repos/glob/-/glob-7.1.1.tgz#805211df04faaf1c63a3600306cdf5ade50b2ec8"
  dependencies:
    fs.realpath "^1.0.0"
    inflight "^1.0.4"
    inherits "2"
    minimatch "^3.0.2"
    once "^1.3.0"
    path-is-absolute "^1.0.0"

inflight@^1.0.4:
  version "1.0.6"
  resolved "https://repo.dev.wixpress.com/artifactory/api/npm/npm-repos/inflight/-/inflight-1.0.6.tgz#49bd6331d7d02d0c09bc910a1075ba8165b56df9"
  dependencies:
    once "^1.3.0"
    wrappy "1"

inherits@2:
  version "2.0.3"
  resolved "https://repo.dev.wixpress.com/artifactory/api/npm/npm-repos/inherits/-/inherits-2.0.3.tgz#633c2c83e3da42a502f52466022480f4208261de"

jasmine-core@~2.5.2:
  version "2.5.2"
  resolved "https://repo.dev.wixpress.com/artifactory/api/npm/npm-repos/jasmine-core/-/jasmine-core-2.5.2.tgz#6f61bd79061e27f43e6f9355e44b3c6cab6ff297"

jasmine@^2.5.2:
  version "2.5.3"
  resolved "https://repo.dev.wixpress.com/artifactory/api/npm/npm-repos/jasmine/-/jasmine-2.5.3.tgz#5441f254e1fc2269deb1dfd93e0e57d565ff4d22"
  dependencies:
    exit "^0.1.2"
    glob "^7.0.6"
    jasmine-core "~2.5.2"

minimatch@^3.0.2:
  version "3.0.3"
  resolved "https://repo.dev.wixpress.com/artifactory/api/npm/npm-repos/minimatch/-/minimatch-3.0.3.tgz#2a4e4090b96b2db06a9d7df01055a62a77c9b774"
  dependencies:
    brace-expansion "^1.0.0"

once@^1.3.0:
  version "1.4.0"
  resolved "https://repo.dev.wixpress.com/artifactory/api/npm/npm-repos/once/-/once-1.4.0.tgz#583b1aa775961d4b113ac17d9c50baef9dd76bd1"
  dependencies:
    wrappy "1"

path-is-absolute@^1.0.0:
  version "1.0.1"
  resolved "https://repo.dev.wixpress.com/artifactory/api/npm/npm-repos/path-is-absolute/-/path-is-absolute-1.0.1.tgz#174b9268735534ffbc7ace6bf53a5a9e1b5c5f5f"

shelljs@^0.5.3:
  version "0.5.3"
  resolved "https://repo.dev.wixpress.com/artifactory/api/npm/npm-repos/shelljs/-/shelljs-0.5.3.tgz#c54982b996c76ef0c1e6b59fbdc5825f5b713113"

thenify@^3.2.0:
  version "3.2.1"
  resolved "https://repo.dev.wixpress.com/artifactory/api/npm/npm-repos/thenify/-/thenify-3.2.1.tgz#251fd1c80aff6e5cf57cb179ab1fcb724269bd11"
  dependencies:
    any-promise "^1.0.0"

wnpm-ci@^6.1.0:
  version "6.2.46"
  resolved "https://repo.dev.wixpress.com/artifactory/api/npm/npm-repos/wnpm-ci/-/wnpm-ci-6.2.46.tgz#ad323bbf553019c60581dfc05b885c8bd9dd6f86"
  dependencies:
    shelljs "^0.5.3"
    thenify "^3.2.0"

wrappy@1:
  version "1.0.2"
  resolved "https://repo.dev.wixpress.com/artifactory/api/npm/npm-repos/wrappy/-/wrappy-1.0.2.tgz#b5243d8f3ec1aa35f1364605bc0d1036e30ab69f"

xdate@^0.8.0:
  version "0.8.0"
  resolved "https://repo.dev.wixpress.com/artifactory/api/npm/npm-repos/xdate/-/xdate-0.8.0.tgz#9a36d651aca7bb4fa2713d533694ce2e820587ce"
