PODS:
  - boost (1.76.0)
  - DoubleConversion (1.1.6)
  - FBLazyVector (0.71.2)
  - FBReactNativeSpec (0.71.2):
    - RCT-Folly (= 2021.07.22.00)
    - RCTRequired (= 0.71.2)
    - RCTTypeSafety (= 0.71.2)
    - React-Core (= 0.71.2)
    - React-jsi (= 0.71.2)
    - ReactCommon/turbomodule/core (= 0.71.2)
  - fmt (6.2.1)
  - glog (0.3.5)
  - HMSegmentedControl (1.5.6)
  - RCT-Folly (2021.07.22.00):
    - boost
    - DoubleConversion
    - fmt (~> 6.2.1)
    - glog
    - RCT-Folly/Default (= 2021.07.22.00)
  - RCT-Folly/Default (2021.07.22.00):
    - boost
    - DoubleConversion
    - fmt (~> 6.2.1)
    - glog
  - RCTRequired (0.71.2)
  - RCTTypeSafety (0.71.2):
    - FBLazyVector (= 0.71.2)
    - RCTRequired (= 0.71.2)
    - React-Core (= 0.71.2)
  - React (0.71.2):
    - React-Core (= 0.71.2)
    - React-Core/DevSupport (= 0.71.2)
    - React-Core/RCTWebSocket (= 0.71.2)
    - React-RCTActionSheet (= 0.71.2)
    - React-RCTAnimation (= 0.71.2)
    - React-RCTBlob (= 0.71.2)
    - React-RCTImage (= 0.71.2)
    - React-RCTLinking (= 0.71.2)
    - React-RCTNetwork (= 0.71.2)
    - React-RCTSettings (= 0.71.2)
    - React-RCTText (= 0.71.2)
    - React-RCTVibration (= 0.71.2)
  - React-callinvoker (0.71.2)
  - React-Codegen (0.71.2):
    - FBReactNativeSpec
    - RCT-Folly
    - RCTRequired
    - RCTTypeSafety
    - React-Core
    - React-jsc
    - React-jsi
    - React-jsiexecutor
    - ReactCommon/turbomodule/bridging
    - ReactCommon/turbomodule/core
  - React-Core (0.71.2):
    - glog
    - RCT-Folly (= 2021.07.22.00)
    - React-Core/Default (= 0.71.2)
    - React-cxxreact (= 0.71.2)
    - React-jsc
    - React-jsi (= 0.71.2)
    - React-jsiexecutor (= 0.71.2)
    - React-perflogger (= 0.71.2)
    - Yoga
  - React-Core/CoreModulesHeaders (0.71.2):
    - glog
    - RCT-Folly (= 2021.07.22.00)
    - React-Core/Default
    - React-cxxreact (= 0.71.2)
    - React-jsc
    - React-jsi (= 0.71.2)
    - React-jsiexecutor (= 0.71.2)
    - React-perflogger (= 0.71.2)
    - Yoga
  - React-Core/Default (0.71.2):
    - glog
    - RCT-Folly (= 2021.07.22.00)
    - React-cxxreact (= 0.71.2)
    - React-jsc
    - React-jsi (= 0.71.2)
    - React-jsiexecutor (= 0.71.2)
    - React-perflogger (= 0.71.2)
    - Yoga
  - React-Core/DevSupport (0.71.2):
    - glog
    - RCT-Folly (= 2021.07.22.00)
    - React-Core/Default (= 0.71.2)
    - React-Core/RCTWebSocket (= 0.71.2)
    - React-cxxreact (= 0.71.2)
    - React-jsc
    - React-jsi (= 0.71.2)
    - React-jsiexecutor (= 0.71.2)
    - React-jsinspector (= 0.71.2)
    - React-perflogger (= 0.71.2)
    - Yoga
  - React-Core/RCTActionSheetHeaders (0.71.2):
    - glog
    - RCT-Folly (= 2021.07.22.00)
    - React-Core/Default
    - React-cxxreact (= 0.71.2)
    - React-jsc
    - React-jsi (= 0.71.2)
    - React-jsiexecutor (= 0.71.2)
    - React-perflogger (= 0.71.2)
    - Yoga
  - React-Core/RCTAnimationHeaders (0.71.2):
    - glog
    - RCT-Folly (= 2021.07.22.00)
    - React-Core/Default
    - React-cxxreact (= 0.71.2)
    - React-jsc
    - React-jsi (= 0.71.2)
    - React-jsiexecutor (= 0.71.2)
    - React-perflogger (= 0.71.2)
    - Yoga
  - React-Core/RCTBlobHeaders (0.71.2):
    - glog
    - RCT-Folly (= 2021.07.22.00)
    - React-Core/Default
    - React-cxxreact (= 0.71.2)
    - React-jsc
    - React-jsi (= 0.71.2)
    - React-jsiexecutor (= 0.71.2)
    - React-perflogger (= 0.71.2)
    - Yoga
  - React-Core/RCTImageHeaders (0.71.2):
    - glog
    - RCT-Folly (= 2021.07.22.00)
    - React-Core/Default
    - React-cxxreact (= 0.71.2)
    - React-jsc
    - React-jsi (= 0.71.2)
    - React-jsiexecutor (= 0.71.2)
    - React-perflogger (= 0.71.2)
    - Yoga
  - React-Core/RCTLinkingHeaders (0.71.2):
    - glog
    - RCT-Folly (= 2021.07.22.00)
    - React-Core/Default
    - React-cxxreact (= 0.71.2)
    - React-jsc
    - React-jsi (= 0.71.2)
    - React-jsiexecutor (= 0.71.2)
    - React-perflogger (= 0.71.2)
    - Yoga
  - React-Core/RCTNetworkHeaders (0.71.2):
    - glog
    - RCT-Folly (= 2021.07.22.00)
    - React-Core/Default
    - React-cxxreact (= 0.71.2)
    - React-jsc
    - React-jsi (= 0.71.2)
    - React-jsiexecutor (= 0.71.2)
    - React-perflogger (= 0.71.2)
    - Yoga
  - React-Core/RCTSettingsHeaders (0.71.2):
    - glog
    - RCT-Folly (= 2021.07.22.00)
    - React-Core/Default
    - React-cxxreact (= 0.71.2)
    - React-jsc
    - React-jsi (= 0.71.2)
    - React-jsiexecutor (= 0.71.2)
    - React-perflogger (= 0.71.2)
    - Yoga
  - React-Core/RCTTextHeaders (0.71.2):
    - glog
    - RCT-Folly (= 2021.07.22.00)
    - React-Core/Default
    - React-cxxreact (= 0.71.2)
    - React-jsc
    - React-jsi (= 0.71.2)
    - React-jsiexecutor (= 0.71.2)
    - React-perflogger (= 0.71.2)
    - Yoga
  - React-Core/RCTVibrationHeaders (0.71.2):
    - glog
    - RCT-Folly (= 2021.07.22.00)
    - React-Core/Default
    - React-cxxreact (= 0.71.2)
    - React-jsc
    - React-jsi (= 0.71.2)
    - React-jsiexecutor (= 0.71.2)
    - React-perflogger (= 0.71.2)
    - Yoga
  - React-Core/RCTWebSocket (0.71.2):
    - glog
    - RCT-Folly (= 2021.07.22.00)
    - React-Core/Default (= 0.71.2)
    - React-cxxreact (= 0.71.2)
    - React-jsc
    - React-jsi (= 0.71.2)
    - React-jsiexecutor (= 0.71.2)
    - React-perflogger (= 0.71.2)
    - Yoga
  - React-CoreModules (0.71.2):
    - RCT-Folly (= 2021.07.22.00)
    - RCTTypeSafety (= 0.71.2)
    - React-Codegen (= 0.71.2)
    - React-Core/CoreModulesHeaders (= 0.71.2)
    - React-jsi (= 0.71.2)
    - React-RCTBlob
    - React-RCTImage (= 0.71.2)
    - ReactCommon/turbomodule/core (= 0.71.2)
  - React-cxxreact (0.71.2):
    - boost (= 1.76.0)
    - DoubleConversion
    - glog
    - RCT-Folly (= 2021.07.22.00)
    - React-callinvoker (= 0.71.2)
    - React-jsi (= 0.71.2)
    - React-jsinspector (= 0.71.2)
    - React-logger (= 0.71.2)
    - React-perflogger (= 0.71.2)
    - React-runtimeexecutor (= 0.71.2)
  - React-jsc (0.71.2):
    - React-jsc/Fabric (= 0.71.2)
    - React-jsi (= 0.71.2)
  - React-jsc/Fabric (0.71.2):
    - React-jsi (= 0.71.2)
  - React-jsi (0.71.2):
    - boost (= 1.76.0)
    - DoubleConversion
    - glog
    - RCT-Folly (= 2021.07.22.00)
  - React-jsiexecutor (0.71.2):
    - DoubleConversion
    - glog
    - RCT-Folly (= 2021.07.22.00)
    - React-cxxreact (= 0.71.2)
    - React-jsi (= 0.71.2)
    - React-perflogger (= 0.71.2)
  - React-jsinspector (0.71.2)
  - React-logger (0.71.2):
    - glog
  - React-perflogger (0.71.2)
  - React-RCTActionSheet (0.71.2):
    - React-Core/RCTActionSheetHeaders (= 0.71.2)
  - React-RCTAnimation (0.71.2):
    - RCT-Folly (= 2021.07.22.00)
    - RCTTypeSafety (= 0.71.2)
    - React-Codegen (= 0.71.2)
    - React-Core/RCTAnimationHeaders (= 0.71.2)
    - React-jsi (= 0.71.2)
    - ReactCommon/turbomodule/core (= 0.71.2)
  - React-RCTAppDelegate (0.71.2):
    - RCT-Folly
    - RCTRequired
    - RCTTypeSafety
    - React-Core
    - ReactCommon/turbomodule/core
  - React-RCTBlob (0.71.2):
    - RCT-Folly (= 2021.07.22.00)
    - React-Codegen (= 0.71.2)
    - React-Core/RCTBlobHeaders (= 0.71.2)
    - React-Core/RCTWebSocket (= 0.71.2)
    - React-jsi (= 0.71.2)
    - React-RCTNetwork (= 0.71.2)
    - ReactCommon/turbomodule/core (= 0.71.2)
  - React-RCTImage (0.71.2):
    - RCT-Folly (= 2021.07.22.00)
    - RCTTypeSafety (= 0.71.2)
    - React-Codegen (= 0.71.2)
    - React-Core/RCTImageHeaders (= 0.71.2)
    - React-jsi (= 0.71.2)
    - React-RCTNetwork (= 0.71.2)
    - ReactCommon/turbomodule/core (= 0.71.2)
  - React-RCTLinking (0.71.2):
    - React-Codegen (= 0.71.2)
    - React-Core/RCTLinkingHeaders (= 0.71.2)
    - React-jsi (= 0.71.2)
    - ReactCommon/turbomodule/core (= 0.71.2)
  - React-RCTNetwork (0.71.2):
    - RCT-Folly (= 2021.07.22.00)
    - RCTTypeSafety (= 0.71.2)
    - React-Codegen (= 0.71.2)
    - React-Core/RCTNetworkHeaders (= 0.71.2)
    - React-jsi (= 0.71.2)
    - ReactCommon/turbomodule/core (= 0.71.2)
  - React-RCTSettings (0.71.2):
    - RCT-Folly (= 2021.07.22.00)
    - RCTTypeSafety (= 0.71.2)
    - React-Codegen (= 0.71.2)
    - React-Core/RCTSettingsHeaders (= 0.71.2)
    - React-jsi (= 0.71.2)
    - ReactCommon/turbomodule/core (= 0.71.2)
  - React-RCTText (0.71.2):
    - React-Core/RCTTextHeaders (= 0.71.2)
  - React-RCTVibration (0.71.2):
    - RCT-Folly (= 2021.07.22.00)
    - React-Codegen (= 0.71.2)
    - React-Core/RCTVibrationHeaders (= 0.71.2)
    - React-jsi (= 0.71.2)
    - ReactCommon/turbomodule/core (= 0.71.2)
  - React-runtimeexecutor (0.71.2):
    - React-jsi (= 0.71.2)
  - ReactCommon/turbomodule/bridging (0.71.2):
    - DoubleConversion
    - glog
    - RCT-Folly (= 2021.07.22.00)
    - React-callinvoker (= 0.71.2)
    - React-Core (= 0.71.2)
    - React-cxxreact (= 0.71.2)
    - React-jsi (= 0.71.2)
    - React-logger (= 0.71.2)
    - React-perflogger (= 0.71.2)
  - ReactCommon/turbomodule/core (0.71.2):
    - DoubleConversion
    - glog
    - RCT-Folly (= 2021.07.22.00)
    - React-callinvoker (= 0.71.2)
    - React-Core (= 0.71.2)
    - React-cxxreact (= 0.71.2)
    - React-jsi (= 0.71.2)
    - React-logger (= 0.71.2)
    - React-perflogger (= 0.71.2)
  - ReactNativeNavigation (7.32.1):
    - HMSegmentedControl
    - React-Core
    - React-RCTImage
    - React-RCTText
    - ReactNativeNavigation/Core (= 7.32.1)
  - ReactNativeNavigation/Core (7.32.1):
    - HMSegmentedControl
    - React-Core
    - React-RCTImage
    - React-RCTText
  - Yoga (1.14.0)

DEPENDENCIES:
  - boost (from `../node_modules/react-native/third-party-podspecs/boost.podspec`)
  - DoubleConversion (from `../node_modules/react-native/third-party-podspecs/DoubleConversion.podspec`)
  - FBLazyVector (from `../node_modules/react-native/Libraries/FBLazyVector`)
  - FBReactNativeSpec (from `../node_modules/react-native/React/FBReactNativeSpec`)
  - glog (from `../node_modules/react-native/third-party-podspecs/glog.podspec`)
  - RCT-Folly (from `../node_modules/react-native/third-party-podspecs/RCT-Folly.podspec`)
  - RCTRequired (from `../node_modules/react-native/Libraries/RCTRequired`)
  - RCTTypeSafety (from `../node_modules/react-native/Libraries/TypeSafety`)
  - React (from `../node_modules/react-native/`)
  - React-callinvoker (from `../node_modules/react-native/ReactCommon/callinvoker`)
  - React-Codegen (from `build/generated/ios`)
  - React-Core (from `../node_modules/react-native/`)
  - React-Core/RCTWebSocket (from `../node_modules/react-native/`)
  - React-CoreModules (from `../node_modules/react-native/React/CoreModules`)
  - React-cxxreact (from `../node_modules/react-native/ReactCommon/cxxreact`)
  - React-jsc (from `../node_modules/react-native/ReactCommon/jsc`)
  - React-jsi (from `../node_modules/react-native/ReactCommon/jsi`)
  - React-jsiexecutor (from `../node_modules/react-native/ReactCommon/jsiexecutor`)
  - React-jsinspector (from `../node_modules/react-native/ReactCommon/jsinspector`)
  - React-logger (from `../node_modules/react-native/ReactCommon/logger`)
  - React-perflogger (from `../node_modules/react-native/ReactCommon/reactperflogger`)
  - React-RCTActionSheet (from `../node_modules/react-native/Libraries/ActionSheetIOS`)
  - React-RCTAnimation (from `../node_modules/react-native/Libraries/NativeAnimation`)
  - React-RCTAppDelegate (from `../node_modules/react-native/Libraries/AppDelegate`)
  - React-RCTBlob (from `../node_modules/react-native/Libraries/Blob`)
  - React-RCTImage (from `../node_modules/react-native/Libraries/Image`)
  - React-RCTLinking (from `../node_modules/react-native/Libraries/LinkingIOS`)
  - React-RCTNetwork (from `../node_modules/react-native/Libraries/Network`)
  - React-RCTSettings (from `../node_modules/react-native/Libraries/Settings`)
  - React-RCTText (from `../node_modules/react-native/Libraries/Text`)
  - React-RCTVibration (from `../node_modules/react-native/Libraries/Vibration`)
  - React-runtimeexecutor (from `../node_modules/react-native/ReactCommon/runtimeexecutor`)
  - ReactCommon/turbomodule/core (from `../node_modules/react-native/ReactCommon`)
  - ReactNativeNavigation (from `../node_modules/react-native-navigation`)
  - Yoga (from `../node_modules/react-native/ReactCommon/yoga`)

SPEC REPOS:
  https://github.com/CocoaPods/Specs.git:
    - fmt
    - HMSegmentedControl

EXTERNAL SOURCES:
  boost:
    :podspec: "../node_modules/react-native/third-party-podspecs/boost.podspec"
  DoubleConversion:
    :podspec: "../node_modules/react-native/third-party-podspecs/DoubleConversion.podspec"
  FBLazyVector:
    :path: "../node_modules/react-native/Libraries/FBLazyVector"
  FBReactNativeSpec:
    :path: "../node_modules/react-native/React/FBReactNativeSpec"
  glog:
    :podspec: "../node_modules/react-native/third-party-podspecs/glog.podspec"
  RCT-Folly:
    :podspec: "../node_modules/react-native/third-party-podspecs/RCT-Folly.podspec"
  RCTRequired:
    :path: "../node_modules/react-native/Libraries/RCTRequired"
  RCTTypeSafety:
    :path: "../node_modules/react-native/Libraries/TypeSafety"
  React:
    :path: "../node_modules/react-native/"
  React-callinvoker:
    :path: "../node_modules/react-native/ReactCommon/callinvoker"
  React-Codegen:
    :path: build/generated/ios
  React-Core:
    :path: "../node_modules/react-native/"
  React-CoreModules:
    :path: "../node_modules/react-native/React/CoreModules"
  React-cxxreact:
    :path: "../node_modules/react-native/ReactCommon/cxxreact"
  React-jsc:
    :path: "../node_modules/react-native/ReactCommon/jsc"
  React-jsi:
    :path: "../node_modules/react-native/ReactCommon/jsi"
  React-jsiexecutor:
    :path: "../node_modules/react-native/ReactCommon/jsiexecutor"
  React-jsinspector:
    :path: "../node_modules/react-native/ReactCommon/jsinspector"
  React-logger:
    :path: "../node_modules/react-native/ReactCommon/logger"
  React-perflogger:
    :path: "../node_modules/react-native/ReactCommon/reactperflogger"
  React-RCTActionSheet:
    :path: "../node_modules/react-native/Libraries/ActionSheetIOS"
  React-RCTAnimation:
    :path: "../node_modules/react-native/Libraries/NativeAnimation"
  React-RCTAppDelegate:
    :path: "../node_modules/react-native/Libraries/AppDelegate"
  React-RCTBlob:
    :path: "../node_modules/react-native/Libraries/Blob"
  React-RCTImage:
    :path: "../node_modules/react-native/Libraries/Image"
  React-RCTLinking:
    :path: "../node_modules/react-native/Libraries/LinkingIOS"
  React-RCTNetwork:
    :path: "../node_modules/react-native/Libraries/Network"
  React-RCTSettings:
    :path: "../node_modules/react-native/Libraries/Settings"
  React-RCTText:
    :path: "../node_modules/react-native/Libraries/Text"
  React-RCTVibration:
    :path: "../node_modules/react-native/Libraries/Vibration"
  React-runtimeexecutor:
    :path: "../node_modules/react-native/ReactCommon/runtimeexecutor"
  ReactCommon:
    :path: "../node_modules/react-native/ReactCommon"
  ReactNativeNavigation:
    :path: "../node_modules/react-native-navigation"
  Yoga:
    :path: "../node_modules/react-native/ReactCommon/yoga"

SPEC CHECKSUMS:
  boost: dd4accc065142a20eaec78d570e8c9a843cf1192
  DoubleConversion: 5189b271737e1565bdce30deb4a08d647e3f5f54
  FBLazyVector: d58428b28fe1f5070fe993495b0e2eaf701d3820
  FBReactNativeSpec: 225fb0f0ab00493ce0731f954da3658638d9b191
  fmt: ff9d55029c625d3757ed641535fd4a75fedc7ce9
  glog: 04b94705f318337d7ead9e6d17c019bd9b1f6b1b
  HMSegmentedControl: 34c1f54d822d8308e7b24f5d901ec674dfa31352
  RCT-Folly: 424b8c9a7a0b9ab2886ffe9c3b041ef628fd4fb1
  RCTRequired: c154ebcfbf41d6fef86c52674fc1aa08837ff538
  RCTTypeSafety: 3063e5a1e5b1dc2cbeda5c8f8926c0ad1a6b0871
  React: 0a1a36e8e81cfaac244ed88b97f23ab56e5434f0
  React-callinvoker: 679a09fbfe1a8bbf0c8588b588bf3ef85e7e4922
  React-Codegen: d97acffec98e41a27c09519fcf528492513d534a
  React-Core: 303d67476e2b9bbc943438612bd4a1feb05f370f
  React-CoreModules: 06cbf15185e6daf9fb3aec02c963f4807bd794b3
  React-cxxreact: 6ff28d35025bc38f0e521aab50810d278b8a1b2b
  React-jsc: a7ada8baac0b07c60e27a4d25150357e316be2b0
  React-jsi: b0da4157773252c53d61af1d6b17083ac394dfed
  React-jsiexecutor: 272deb09db352916b331dc7a0dd1c78b22ff8e54
  React-jsinspector: ea8101acf525ec08b2d87ddf0637d45f8e3b4148
  React-logger: 97987f46779d8dd24656474ad0c43a5b459f31d6
  React-perflogger: c7ccda3d1d1da837f7ff4e54e816022a6803ee87
  React-RCTActionSheet: 01c125aebbad462a24228f68c584c7a921d6c28e
  React-RCTAnimation: 5277a9440acffc4a5b7baa6ae3880fe467277ae6
  React-RCTAppDelegate: 5c41b6b2966de35953492c981bb56ddb50da8e6d
  React-RCTBlob: 8c12b8d0ce081d19c549ce2927a95d043009c05a
  React-RCTImage: 65319acfe82b85219b2d410725a593abe19ac795
  React-RCTLinking: a5fc2b9d7a346d6e7d34de8093bb5d1064042508
  React-RCTNetwork: 5d1efcd01ca7f08ebf286d68be544f747a5d315a
  React-RCTSettings: fa760b0add819ac3ad73b06715f9547316acdf20
  React-RCTText: 05c244b135d75d4395eb35c012949a5326f8ab70
  React-RCTVibration: 0af3babdeee1b2d052811a2f86977d1e1c81ebd1
  React-runtimeexecutor: 4bf9a9086d27f74065fce1dddac274aa95216952
  ReactCommon: cef15901c6c18404881a89fd84b75ff4da2257c9
  ReactNativeNavigation: d79d9d53e6025851936bb8b3d13760b86302a669
  Yoga: 5b0304b3dbef2b52e078052138e23a19c7dacaef

PODFILE CHECKSUM: 41492dfb69af9c0a435724c579052a205946893d

COCOAPODS: 1.15.2
